
Microsoft Visual Studio Solution File, Format Version 12.00
# Visual Studio Version 16
VisualStudioVersion = 16.0.31410.357
MinimumVisualStudioVersion = 10.0.40219.1
Project("{2150E333-8FDC-42A3-9474-1A3956D46DE8}") = "1.Presentation Layer", "1.Presentation Layer", "{5E3F3E59-ECA7-4400-9FBA-A9D9C1E7EB5B}"
EndProject
Project("{2150E333-8FDC-42A3-9474-1A3956D46DE8}") = "2.Service Layer", "2.Service Layer", "{56C4FA2D-68DC-4821-ACB2-B59E0441FE49}"
EndProject
Project("{2150E333-8FDC-42A3-9474-1A3956D46DE8}") = "3.Business Layer", "3.Business Layer", "{D5DE2A41-28B6-4203-BB16-D71E926FF2C6}"
EndProject
Project("{2150E333-8FDC-42A3-9474-1A3956D46DE8}") = "4.Data Layer", "4.Data Layer", "{BE471A6F-493A-406B-872A-DDBEF5799DEF}"
EndProject
Project("{FAE04EC0-301F-11D3-BF4B-00C04F79EFBC}") = "Subscription.Service", "Subscription.Service\Subscription.Service.csproj", "{672AF051-59FF-4B6E-A36B-27E11896DB47}"
EndProject
Project("{FAE04EC0-301F-11D3-BF4B-00C04F79EFBC}") = "Subscription.Business", "Subscription.Business\Subscription.Business.csproj", "{20A14D2E-B29F-4814-8E03-18FA67D85B85}"
EndProject
Project("{FAE04EC0-301F-11D3-BF4B-00C04F79EFBC}") = "Subscription.Data", "Subscription.Data\Subscription.Data.csproj", "{42CFE21E-CCEA-4A6F-A014-B226EF828448}"
EndProject
Project("{2150E333-8FDC-42A3-9474-1A3956D46DE8}") = "5.Solution Files", "5.Solution Files", "{B679D5F5-7776-445B-98D4-E92E0B285BF2}"
EndProject
Project("{2150E333-8FDC-42A3-9474-1A3956D46DE8}") = "6.Generator", "6.Generator", "{7A7C5A56-C1E2-4E5F-B392-0407C6198C37}"
EndProject
Project("{FAE04EC0-301F-11D3-BF4B-00C04F79EFBC}") = "Subscription.Generator", "Subscription.Generator\Subscription.Generator.csproj", "{6ACD4001-9B5D-4550-A3A1-D1864A0E5852}"
EndProject
Project("{2150E333-8FDC-42A3-9474-1A3956D46DE8}") = "Report", "Report", "{A813D08C-B69C-422B-8FEE-F0EA010537DE}"
EndProject
Project("{FAE04EC0-301F-11D3-BF4B-00C04F79EFBC}") = "TransactionReceipt", "TransactionReceipt\TransactionReceipt.csproj", "{A565013D-5D82-4189-A927-81E220F4EDBD}"
EndProject
Project("{FAE04EC0-301F-11D3-BF4B-00C04F79EFBC}") = "ReportManager", "ReportManager\ReportManager.csproj", "{2B4CAA6E-5054-4CDE-B4A5-871D4E742D67}"
EndProject
Project("{FAE04EC0-301F-11D3-BF4B-00C04F79EFBC}") = "DailyUserSaleReport", "DailyUserSaleReport\DailyUserSaleReport.csproj", "{823B9B38-10BB-4896-AC77-4CB031BCB25E}"
EndProject
Project("{FAE04EC0-301F-11D3-BF4B-00C04F79EFBC}") = "MailManager", "MailManager\MailManager.csproj", "{8E231D9C-6D40-4981-8B3C-64EA5ACC389F}"
EndProject
Project("{FAE04EC0-301F-11D3-BF4B-00C04F79EFBC}") = "MailSender", "MailSender\MailSender.csproj", "{3C3D27C2-0B02-4E7B-8D92-5DD24FC67C75}"
EndProject
Project("{2150E333-8FDC-42A3-9474-1A3956D46DE8}") = "BankStatementReader", "BankStatementReader", "{51D15611-FEA2-4B00-8A88-8FA91A70FB26}"
EndProject
Project("{FAE04EC0-301F-11D3-BF4B-00C04F79EFBC}") = "ABSABankStatementReader", "ABSABankStatementReader\ABSABankStatementReader.csproj", "{5CFB7F7C-0CEF-4DDD-B026-56EDA5853C73}"
EndProject
Project("{FAE04EC0-301F-11D3-BF4B-00C04F79EFBC}") = "SBMBankStatementReader", "SBMBankStatementReader\SBMBankStatementReader.csproj", "{0168AF5E-8323-426C-8A5B-0D72013799D2}"
EndProject
Global
	GlobalSection(SolutionConfigurationPlatforms) = preSolution
		Debug|Any CPU = Debug|Any CPU
		Release|Any CPU = Release|Any CPU
	EndGlobalSection
	GlobalSection(ProjectConfigurationPlatforms) = postSolution
		{672AF051-59FF-4B6E-A36B-27E11896DB47}.Debug|Any CPU.ActiveCfg = Debug|Any CPU
		{672AF051-59FF-4B6E-A36B-27E11896DB47}.Debug|Any CPU.Build.0 = Debug|Any CPU
		{672AF051-59FF-4B6E-A36B-27E11896DB47}.Release|Any CPU.ActiveCfg = Release|Any CPU
		{672AF051-59FF-4B6E-A36B-27E11896DB47}.Release|Any CPU.Build.0 = Release|Any CPU
		{20A14D2E-B29F-4814-8E03-18FA67D85B85}.Debug|Any CPU.ActiveCfg = Debug|Any CPU
		{20A14D2E-B29F-4814-8E03-18FA67D85B85}.Debug|Any CPU.Build.0 = Debug|Any CPU
		{20A14D2E-B29F-4814-8E03-18FA67D85B85}.Release|Any CPU.ActiveCfg = Release|Any CPU
		{20A14D2E-B29F-4814-8E03-18FA67D85B85}.Release|Any CPU.Build.0 = Release|Any CPU
		{42CFE21E-CCEA-4A6F-A014-B226EF828448}.Debug|Any CPU.ActiveCfg = Debug|Any CPU
		{42CFE21E-CCEA-4A6F-A014-B226EF828448}.Debug|Any CPU.Build.0 = Debug|Any CPU
		{42CFE21E-CCEA-4A6F-A014-B226EF828448}.Release|Any CPU.ActiveCfg = Release|Any CPU
		{42CFE21E-CCEA-4A6F-A014-B226EF828448}.Release|Any CPU.Build.0 = Release|Any CPU
		{6ACD4001-9B5D-4550-A3A1-D1864A0E5852}.Debug|Any CPU.ActiveCfg = Debug|Any CPU
		{6ACD4001-9B5D-4550-A3A1-D1864A0E5852}.Debug|Any CPU.Build.0 = Debug|Any CPU
		{6ACD4001-9B5D-4550-A3A1-D1864A0E5852}.Release|Any CPU.ActiveCfg = Release|Any CPU
		{6ACD4001-9B5D-4550-A3A1-D1864A0E5852}.Release|Any CPU.Build.0 = Release|Any CPU
		{A565013D-5D82-4189-A927-81E220F4EDBD}.Debug|Any CPU.ActiveCfg = Debug|Any CPU
		{A565013D-5D82-4189-A927-81E220F4EDBD}.Debug|Any CPU.Build.0 = Debug|Any CPU
		{A565013D-5D82-4189-A927-81E220F4EDBD}.Release|Any CPU.ActiveCfg = Release|Any CPU
		{A565013D-5D82-4189-A927-81E220F4EDBD}.Release|Any CPU.Build.0 = Release|Any CPU
		{2B4CAA6E-5054-4CDE-B4A5-871D4E742D67}.Debug|Any CPU.ActiveCfg = Debug|Any CPU
		{2B4CAA6E-5054-4CDE-B4A5-871D4E742D67}.Debug|Any CPU.Build.0 = Debug|Any CPU
		{2B4CAA6E-5054-4CDE-B4A5-871D4E742D67}.Release|Any CPU.ActiveCfg = Release|Any CPU
		{2B4CAA6E-5054-4CDE-B4A5-871D4E742D67}.Release|Any CPU.Build.0 = Release|Any CPU
		{823B9B38-10BB-4896-AC77-4CB031BCB25E}.Debug|Any CPU.ActiveCfg = Debug|Any CPU
		{823B9B38-10BB-4896-AC77-4CB031BCB25E}.Debug|Any CPU.Build.0 = Debug|Any CPU
		{823B9B38-10BB-4896-AC77-4CB031BCB25E}.Release|Any CPU.ActiveCfg = Release|Any CPU
		{823B9B38-10BB-4896-AC77-4CB031BCB25E}.Release|Any CPU.Build.0 = Release|Any CPU
		{8E231D9C-6D40-4981-8B3C-64EA5ACC389F}.Debug|Any CPU.ActiveCfg = Debug|Any CPU
		{8E231D9C-6D40-4981-8B3C-64EA5ACC389F}.Debug|Any CPU.Build.0 = Debug|Any CPU
		{8E231D9C-6D40-4981-8B3C-64EA5ACC389F}.Release|Any CPU.ActiveCfg = Release|Any CPU
		{8E231D9C-6D40-4981-8B3C-64EA5ACC389F}.Release|Any CPU.Build.0 = Release|Any CPU
		{3C3D27C2-0B02-4E7B-8D92-5DD24FC67C75}.Debug|Any CPU.ActiveCfg = Debug|Any CPU
		{3C3D27C2-0B02-4E7B-8D92-5DD24FC67C75}.Debug|Any CPU.Build.0 = Debug|Any CPU
		{3C3D27C2-0B02-4E7B-8D92-5DD24FC67C75}.Release|Any CPU.ActiveCfg = Release|Any CPU
		{3C3D27C2-0B02-4E7B-8D92-5DD24FC67C75}.Release|Any CPU.Build.0 = Release|Any CPU
		{5CFB7F7C-0CEF-4DDD-B026-56EDA5853C73}.Debug|Any CPU.ActiveCfg = Debug|Any CPU
		{5CFB7F7C-0CEF-4DDD-B026-56EDA5853C73}.Debug|Any CPU.Build.0 = Debug|Any CPU
		{5CFB7F7C-0CEF-4DDD-B026-56EDA5853C73}.Release|Any CPU.ActiveCfg = Release|Any CPU
		{5CFB7F7C-0CEF-4DDD-B026-56EDA5853C73}.Release|Any CPU.Build.0 = Release|Any CPU
		{0168AF5E-8323-426C-8A5B-0D72013799D2}.Debug|Any CPU.ActiveCfg = Debug|Any CPU
		{0168AF5E-8323-426C-8A5B-0D72013799D2}.Debug|Any CPU.Build.0 = Debug|Any CPU
		{0168AF5E-8323-426C-8A5B-0D72013799D2}.Release|Any CPU.ActiveCfg = Release|Any CPU
		{0168AF5E-8323-426C-8A5B-0D72013799D2}.Release|Any CPU.Build.0 = Release|Any CPU
	EndGlobalSection
	GlobalSection(SolutionProperties) = preSolution
		HideSolutionNode = FALSE
	EndGlobalSection
	GlobalSection(NestedProjects) = preSolution
		{672AF051-59FF-4B6E-A36B-27E11896DB47} = {56C4FA2D-68DC-4821-ACB2-B59E0441FE49}
		{20A14D2E-B29F-4814-8E03-18FA67D85B85} = {D5DE2A41-28B6-4203-BB16-D71E926FF2C6}
		{42CFE21E-CCEA-4A6F-A014-B226EF828448} = {BE471A6F-493A-406B-872A-DDBEF5799DEF}
		{6ACD4001-9B5D-4550-A3A1-D1864A0E5852} = {7A7C5A56-C1E2-4E5F-B392-0407C6198C37}
		{A813D08C-B69C-422B-8FEE-F0EA010537DE} = {56C4FA2D-68DC-4821-ACB2-B59E0441FE49}
		{A565013D-5D82-4189-A927-81E220F4EDBD} = {A813D08C-B69C-422B-8FEE-F0EA010537DE}
		{2B4CAA6E-5054-4CDE-B4A5-871D4E742D67} = {56C4FA2D-68DC-4821-ACB2-B59E0441FE49}
		{823B9B38-10BB-4896-AC77-4CB031BCB25E} = {A813D08C-B69C-422B-8FEE-F0EA010537DE}
		{8E231D9C-6D40-4981-8B3C-64EA5ACC389F} = {56C4FA2D-68DC-4821-ACB2-B59E0441FE49}
		{3C3D27C2-0B02-4E7B-8D92-5DD24FC67C75} = {56C4FA2D-68DC-4821-ACB2-B59E0441FE49}
		{51D15611-FEA2-4B00-8A88-8FA91A70FB26} = {56C4FA2D-68DC-4821-ACB2-B59E0441FE49}
		{5CFB7F7C-0CEF-4DDD-B026-56EDA5853C73} = {51D15611-FEA2-4B00-8A88-8FA91A70FB26}
		{0168AF5E-8323-426C-8A5B-0D72013799D2} = {51D15611-FEA2-4B00-8A88-8FA91A70FB26}
	EndGlobalSection
	GlobalSection(ExtensibilityGlobals) = postSolution
		SolutionGuid = {34A7C9DD-5FCE-4B73-8B62-AEC0404B1888}
	EndGlobalSection
EndGlobal
